{
  "requires": true,
  "lockfileVersion": 1,
  "dependencies": {
    "vue": {
      "version": "2.6.14",
      "resolved": "https://registry.npmjs.org/vue/-/vue-2.6.14.tgz",
      "integrity": "sha512-x2284lgYvjOMj3Za7kqzRcUSxBboHqtgRE2zlos1qWaOye5yUmHn42LB1250NJBLRwEcdrB0JRwyPTEPhfQjiQ=="
    },
    "vue-tree-chart": {
      "version": "1.2.9",
      "resolved": "https://registry.npmjs.org/vue-tree-chart/-/vue-tree-chart-1.2.9.tgz",
      "integrity": "sha512-agPPR0cJwvQEH0iVN25zmQydGZSiYgqIxHqdzDOl3UuAG4iQoHbnBpoo1sSU+IvlUEEI+vuCZ3hDXad/pfQcew==",
      "requires": {
        "vue": "^2.6.11"
      }
    }
  }
}
